<?xml version="1.0" encoding="utf-8"?>
<Project ToolsVersion="4.0" xmlns="http://schemas.microsoft.com/developer/msbuild/2003">
  <ItemGroup>
    <Filter Include="Source Files">
      <UniqueIdentifier>{4FC737F1-C7A5-4376-A066-2A32D752A2FF}</UniqueIdentifier>
      <Extensions>cpp;c;cc;cxx;c++;cppm;ixx;def;odl;idl;hpj;bat;asm;asmx</Extensions>
    </Filter>
    <Filter Include="Header Files">
      <UniqueIdentifier>{93995380-89BD-4b04-88EB-625FBE52EBFB}</UniqueIdentifier>
      <Extensions>h;hh;hpp;hxx;h++;hm;inl;inc;ipp;xsd</Extensions>
    </Filter>
    <Filter Include="Resource Files">
      <UniqueIdentifier>{67DA6AB6-F800-4c08-8B7A-83BB121AAD01}</UniqueIdentifier>
      <Extensions>rc;ico;cur;bmp;dlg;rc2;rct;bin;rgs;gif;jpg;jpeg;jpe;resx;tiff;tif;png;wav;mfcribbon-ms</Extensions>
    </Filter>
  </ItemGroup>
  <ItemGroup>
    <ClCompile Include="24L-2523_Assignment-1.cpp">
      <Filter>Source Files</Filter>
    </ClCompile>
    <ClCompile Include="24L-2523_Assignment-2.cpp">
      <Filter>Source Files</Filter>
    </ClCompile>
    <ClCompile Include="24L-2523_Lab-2_Ex-1,2,3,4,5,6.cpp">
      <Filter>Source Files</Filter>
    </ClCompile>
    <ClCompile Include="24L-2523_lab-3_Exercise-3,4.cpp">
      <Filter>Source Files</Filter>
    </ClCompile>
    <ClCompile Include="24l-2523_Lab-3_Exercise-5.cpp">
      <Filter>Source Files</Filter>
    </ClCompile>
    <ClCompile Include="24L-2523_Lab-3-Exercise-6,7.cpp">
      <Filter>Source Files</Filter>
    </ClCompile>
    <ClCompile Include="24L-2523_Assignment-3.cpp">
      <Filter>Source Files</Filter>
    </ClCompile>
    <ClCompile Include="24L-2523_lab-5_Exercise-1.cpp">
      <Filter>Source Files</Filter>
    </ClCompile>
    <ClCompile Include="24L-2523_Lab-5_Exercise-2.cpp">
      <Filter>Source Files</Filter>
    </ClCompile>
    <ClCompile Include="24L-2523_Lab-4_Ex-All.cpp">
      <Filter>Source Files</Filter>
    </ClCompile>
    <ClCompile Include="24L-2523_Assignment-5.cpp">
      <Filter>Source Files</Filter>
    </ClCompile>
    <ClCompile Include="24L-2523_Assignment-4.cpp">
      <Filter>Source Files</Filter>
    </ClCompile>
    <ClCompile Include="24L-2523_Lab-7.cpp">
      <Filter>Source Files</Filter>
    </ClCompile>
    <ClCompile Include="24L-2523_Lab-6-ComplexNumbers.cpp">
      <Filter>Source Files</Filter>
    </ClCompile>
    <ClCompile Include="24L-2523_Lab-6-ComplexNumber-Driver.cpp">
      <Filter>Source Files</Filter>
    </ClCompile>
    <ClCompile Include="24L-2523_Lab-8.cpp">
      <Filter>Source Files</Filter>
    </ClCompile>
    <ClCompile Include="24L-2523_Assignment-6.cpp">
      <Filter>Source Files</Filter>
    </ClCompile>
    <ClCompile Include="24L-2523_Lab-9.cpp">
      <Filter>Source Files</Filter>
    </ClCompile>
    <ClCompile Include="24L-2523_FinalProject-FaceBook.cpp">
      <Filter>Source Files</Filter>
    </ClCompile>
    <ClCompile Include="24L-2523_Lab-10.cpp">
      <Filter>Source Files</Filter>
    </ClCompile>
  </ItemGroup>
  <ItemGroup>
    <Text Include="Data1.txt">
      <Filter>Resource Files</Filter>
    </Text>
    <Text Include="Input.txt">
      <Filter>Resource Files</Filter>
    </Text>
    <Text Include="StudentsList.txt">
      <Filter>Resource Files</Filter>
    </Text>
    <Text Include="Data.txt">
      <Filter>Resource Files</Filter>
    </Text>
    <Text Include="GradeSheet.txt">
      <Filter>Resource Files</Filter>
    </Text>
    <Text Include="CarsData.txt">
      <Filter>Resource Files</Filter>
    </Text>
    <Text Include="UsersFriendsAndLikedPages.txt">
      <Filter>Resource Files</Filter>
    </Text>
    <Text Include="SocialNetworkUsers.txt">
      <Filter>Resource Files</Filter>
    </Text>
    <Text Include="SocialNetworkPosts.txt">
      <Filter>Resource Files</Filter>
    </Text>
    <Text Include="SocialNetworkPages.txt">
      <Filter>Resource Files</Filter>
    </Text>
    <Text Include="SocialNetworkComments.txt">
      <Filter>Resource Files</Filter>
    </Text>
  </ItemGroup>
  <ItemGroup>
    <ClInclude Include="Date.h">
      <Filter>Header Files</Filter>
    </ClInclude>
    <ClInclude Include="ComplexNumbers.h">
      <Filter>Header Files</Filter>
    </ClInclude>
    <ClInclude Include="Triangle.h">
      <Filter>Header Files</Filter>
    </ClInclude>
    <ClInclude Include="Style.h">
      <Filter>Header Files</Filter>
    </ClInclude>
    <ClInclude Include="Point.h">
      <Filter>Header Files</Filter>
    </ClInclude>
    <ClInclude Include="CompactDisc.h">
      <Filter>Header Files</Filter>
    </ClInclude>
    <ClInclude Include="Circle.h">
      <Filter>Header Files</Filter>
    </ClInclude>
    <ClInclude Include="CDDrive.h">
      <Filter>Header Files</Filter>
    </ClInclude>
  </ItemGroup>
</Project>